// !$*UTF8*$!
{
	archiveVersion = 1;
	classes = {
	};
	objectVersion = 55;
	objects = {

/* Begin PBXBuildFile section */
		77C1064E28588E4700F355D2 /* AppDelegate.swift in Sources */ = {isa = PBXBuildFile; fileRef = 77C1064D28588E4700F355D2 /* AppDelegate.swift */; };
		77C1065028588E4700F355D2 /* SceneDelegate.swift in Sources */ = {isa = PBXBuildFile; fileRef = 77C1064F28588E4700F355D2 /* SceneDelegate.swift */; };
		77C1065528588E4700F355D2 /* Main.storyboard in Resources */ = {isa = PBXBuildFile; fileRef = 77C1065328588E4700F355D2 /* Main.storyboard */; };
		77C1065728588E5E00F355D2 /* Assets.xcassets in Resources */ = {isa = PBXBuildFile; fileRef = 77C1065628588E5E00F355D2 /* Assets.xcassets */; };
		77C1065A28588E5E00F355D2 /* LaunchScreen.storyboard in Resources */ = {isa = PBXBuildFile; fileRef = 77C1065828588E5E00F355D2 /* LaunchScreen.storyboard */; };
		77C1066528588E5F00F355D2 /* SiriusChallengeTests.swift in Sources */ = {isa = PBXBuildFile; fileRef = 77C1066428588E5F00F355D2 /* SiriusChallengeTests.swift */; };
		77C1066F28588E5F00F355D2 /* SiriusChallengeUITests.swift in Sources */ = {isa = PBXBuildFile; fileRef = 77C1066E28588E5F00F355D2 /* SiriusChallengeUITests.swift */; };
		77C1067128588E5F00F355D2 /* SiriusChallengeUITestsLaunchTests.swift in Sources */ = {isa = PBXBuildFile; fileRef = 77C1067028588E5F00F355D2 /* SiriusChallengeUITestsLaunchTests.swift */; };
		77C1068328588E8F00F355D2 /* CitiesPresenter.swift in Sources */ = {isa = PBXBuildFile; fileRef = 77C1067D28588E8F00F355D2 /* CitiesPresenter.swift */; };
		77C1068428588E8F00F355D2 /* CitiesWorker.swift in Sources */ = {isa = PBXBuildFile; fileRef = 77C1067E28588E8F00F355D2 /* CitiesWorker.swift */; };
		77C1068528588E8F00F355D2 /* CitiesRouter.swift in Sources */ = {isa = PBXBuildFile; fileRef = 77C1067F28588E8F00F355D2 /* CitiesRouter.swift */; };
		77C1068628588E8F00F355D2 /* CitiesModels.swift in Sources */ = {isa = PBXBuildFile; fileRef = 77C1068028588E8F00F355D2 /* CitiesModels.swift */; };
		77C1068728588E8F00F355D2 /* CitiesViewController.swift in Sources */ = {isa = PBXBuildFile; fileRef = 77C1068128588E8F00F355D2 /* CitiesViewController.swift */; };
		77C1068828588E8F00F355D2 /* CitiesInteractor.swift in Sources */ = {isa = PBXBuildFile; fileRef = 77C1068228588E8F00F355D2 /* CitiesInteractor.swift */; };
		77C1068C285892A500F355D2 /* UIView+Anchors.swift in Sources */ = {isa = PBXBuildFile; fileRef = 77C1068B285892A500F355D2 /* UIView+Anchors.swift */; };
		77C106902858978900F355D2 /* MapViewController.swift in Sources */ = {isa = PBXBuildFile; fileRef = 77C1068F2858978900F355D2 /* MapViewController.swift */; };
/* End PBXBuildFile section */

/* Begin PBXContainerItemProxy section */
		77C1066128588E5F00F355D2 /* PBXContainerItemProxy */ = {
			isa = PBXContainerItemProxy;
			containerPortal = 77C1064228588E4700F355D2 /* Project object */;
			proxyType = 1;
			remoteGlobalIDString = 77C1064928588E4700F355D2;
			remoteInfo = SiriusChallenge;
		};
		77C1066B28588E5F00F355D2 /* PBXContainerItemProxy */ = {
			isa = PBXContainerItemProxy;
			containerPortal = 77C1064228588E4700F355D2 /* Project object */;
			proxyType = 1;
			remoteGlobalIDString = 77C1064928588E4700F355D2;
			remoteInfo = SiriusChallenge;
		};
/* End PBXContainerItemProxy section */

/* Begin PBXFileReference section */
		77C1064A28588E4700F355D2 /* SiriusChallenge.app */ = {isa = PBXFileReference; explicitFileType = wrapper.application; includeInIndex = 0; path = SiriusChallenge.app; sourceTree = BUILT_PRODUCTS_DIR; };
		77C1064D28588E4700F355D2 /* AppDelegate.swift */ = {isa = PBXFileReference; lastKnownFileType = sourcecode.swift; path = AppDelegate.swift; sourceTree = "<group>"; };
		77C1064F28588E4700F355D2 /* SceneDelegate.swift */ = {isa = PBXFileReference; lastKnownFileType = sourcecode.swift; path = SceneDelegate.swift; sourceTree = "<group>"; };
		77C1065428588E4700F355D2 /* Base */ = {isa = PBXFileReference; lastKnownFileType = file.storyboard; name = Base; path = Base.lproj/Main.storyboard; sourceTree = "<group>"; };
		77C1065628588E5E00F355D2 /* Assets.xcassets */ = {isa = PBXFileReference; lastKnownFileType = folder.assetcatalog; path = Assets.xcassets; sourceTree = "<group>"; };
		77C1065928588E5E00F355D2 /* Base */ = {isa = PBXFileReference; lastKnownFileType = file.storyboard; name = Base; path = Base.lproj/LaunchScreen.storyboard; sourceTree = "<group>"; };
		77C1065B28588E5E00F355D2 /* Info.plist */ = {isa = PBXFileReference; lastKnownFileType = text.plist.xml; path = Info.plist; sourceTree = "<group>"; };
		77C1066028588E5F00F355D2 /* SiriusChallengeTests.xctest */ = {isa = PBXFileReference; explicitFileType = wrapper.cfbundle; includeInIndex = 0; path = SiriusChallengeTests.xctest; sourceTree = BUILT_PRODUCTS_DIR; };
		77C1066428588E5F00F355D2 /* SiriusChallengeTests.swift */ = {isa = PBXFileReference; lastKnownFileType = sourcecode.swift; path = SiriusChallengeTests.swift; sourceTree = "<group>"; };
		77C1066A28588E5F00F355D2 /* SiriusChallengeUITests.xctest */ = {isa = PBXFileReference; explicitFileType = wrapper.cfbundle; includeInIndex = 0; path = SiriusChallengeUITests.xctest; sourceTree = BUILT_PRODUCTS_DIR; };
		77C1066E28588E5F00F355D2 /* SiriusChallengeUITests.swift */ = {isa = PBXFileReference; lastKnownFileType = sourcecode.swift; path = SiriusChallengeUITests.swift; sourceTree = "<group>"; };
		77C1067028588E5F00F355D2 /* SiriusChallengeUITestsLaunchTests.swift */ = {isa = PBXFileReference; lastKnownFileType = sourcecode.swift; path = SiriusChallengeUITestsLaunchTests.swift; sourceTree = "<group>"; };
		77C1067D28588E8F00F355D2 /* CitiesPresenter.swift */ = {isa = PBXFileReference; lastKnownFileType = sourcecode.swift; path = CitiesPresenter.swift; sourceTree = "<group>"; };
		77C1067E28588E8F00F355D2 /* CitiesWorker.swift */ = {isa = PBXFileReference; lastKnownFileType = sourcecode.swift; path = CitiesWorker.swift; sourceTree = "<group>"; };
		77C1067F28588E8F00F355D2 /* CitiesRouter.swift */ = {isa = PBXFileReference; lastKnownFileType = sourcecode.swift; path = CitiesRouter.swift; sourceTree = "<group>"; };
		77C1068028588E8F00F355D2 /* CitiesModels.swift */ = {isa = PBXFileReference; lastKnownFileType = sourcecode.swift; path = CitiesModels.swift; sourceTree = "<group>"; };
		77C1068128588E8F00F355D2 /* CitiesViewController.swift */ = {isa = PBXFileReference; lastKnownFileType = sourcecode.swift; path = CitiesViewController.swift; sourceTree = "<group>"; };
		77C1068228588E8F00F355D2 /* CitiesInteractor.swift */ = {isa = PBXFileReference; lastKnownFileType = sourcecode.swift; path = CitiesInteractor.swift; sourceTree = "<group>"; };
		77C1068B285892A500F355D2 /* UIView+Anchors.swift */ = {isa = PBXFileReference; lastKnownFileType = sourcecode.swift; path = "UIView+Anchors.swift"; sourceTree = "<group>"; };
		77C1068F2858978900F355D2 /* MapViewController.swift */ = {isa = PBXFileReference; lastKnownFileType = sourcecode.swift; path = MapViewController.swift; sourceTree = "<group>"; };
/* End PBXFileReference section */

/* Begin PBXFrameworksBuildPhase section */
		77C1064728588E4700F355D2 /* Frameworks */ = {
			isa = PBXFrameworksBuildPhase;
			buildActionMask = 2147483647;
			files = (
			);
			runOnlyForDeploymentPostprocessing = 0;
		};
		77C1065D28588E5F00F355D2 /* Frameworks */ = {
			isa = PBXFrameworksBuildPhase;
			buildActionMask = 2147483647;
			files = (
			);
			runOnlyForDeploymentPostprocessing = 0;
		};
		77C1066728588E5F00F355D2 /* Frameworks */ = {
			isa = PBXFrameworksBuildPhase;
			buildActionMask = 2147483647;
			files = (
			);
			runOnlyForDeploymentPostprocessing = 0;
		};
/* End PBXFrameworksBuildPhase section */

/* Begin PBXGroup section */
		77C1064128588E4600F355D2 = {
			isa = PBXGroup;
			children = (
				77C1064C28588E4700F355D2 /* SiriusChallenge */,
				77C1066328588E5F00F355D2 /* SiriusChallengeTests */,
				77C1066D28588E5F00F355D2 /* SiriusChallengeUITests */,
				77C1064B28588E4700F355D2 /* Products */,
			);
			sourceTree = "<group>";
		};
		77C1064B28588E4700F355D2 /* Products */ = {
			isa = PBXGroup;
			children = (
				77C1064A28588E4700F355D2 /* SiriusChallenge.app */,
				77C1066028588E5F00F355D2 /* SiriusChallengeTests.xctest */,
				77C1066A28588E5F00F355D2 /* SiriusChallengeUITests.xctest */,
			);
			name = Products;
			sourceTree = "<group>";
		};
		77C1064C28588E4700F355D2 /* SiriusChallenge */ = {
			isa = PBXGroup;
			children = (
				77C1068A2858929400F355D2 /* Extension */,
				77C1068928588E9700F355D2 /* Scene */,
				77C1064D28588E4700F355D2 /* AppDelegate.swift */,
				77C1064F28588E4700F355D2 /* SceneDelegate.swift */,
				77C1065328588E4700F355D2 /* Main.storyboard */,
				77C1065628588E5E00F355D2 /* Assets.xcassets */,
				77C1065828588E5E00F355D2 /* LaunchScreen.storyboard */,
				77C1065B28588E5E00F355D2 /* Info.plist */,
			);
			path = SiriusChallenge;
			sourceTree = "<group>";
		};
		77C1066328588E5F00F355D2 /* SiriusChallengeTests */ = {
			isa = PBXGroup;
			children = (
				77C1066428588E5F00F355D2 /* SiriusChallengeTests.swift */,
			);
			path = SiriusChallengeTests;
			sourceTree = "<group>";
		};
		77C1066D28588E5F00F355D2 /* SiriusChallengeUITests */ = {
			isa = PBXGroup;
			children = (
				77C1066E28588E5F00F355D2 /* SiriusChallengeUITests.swift */,
				77C1067028588E5F00F355D2 /* SiriusChallengeUITestsLaunchTests.swift */,
			);
			path = SiriusChallengeUITests;
			sourceTree = "<group>";
		};
		77C1068928588E9700F355D2 /* Scene */ = {
			isa = PBXGroup;
			children = (
				77C1068E2858974500F355D2 /* Map */,
				77C1068D285896F000F355D2 /* Cities */,
			);
			path = Scene;
			sourceTree = "<group>";
		};
		77C1068A2858929400F355D2 /* Extension */ = {
			isa = PBXGroup;
			children = (
				77C1068B285892A500F355D2 /* UIView+Anchors.swift */,
			);
			path = Extension;
			sourceTree = "<group>";
		};
		77C1068D285896F000F355D2 /* Cities */ = {
			isa = PBXGroup;
			children = (
				77C1067D28588E8F00F355D2 /* CitiesPresenter.swift */,
				77C1067E28588E8F00F355D2 /* CitiesWorker.swift */,
				77C1067F28588E8F00F355D2 /* CitiesRouter.swift */,
				77C1068028588E8F00F355D2 /* CitiesModels.swift */,
				77C1068128588E8F00F355D2 /* CitiesViewController.swift */,
				77C1068228588E8F00F355D2 /* CitiesInteractor.swift */,
			);
			path = Cities;
			sourceTree = "<group>";
		};
		77C1068E2858974500F355D2 /* Map */ = {
			isa = PBXGroup;
			children = (
				77C1068F2858978900F355D2 /* MapViewController.swift */,
			);
			path = Map;
			sourceTree = "<group>";
		};
/* End PBXGroup section */

/* Begin PBXNativeTarget section */
		77C1064928588E4700F355D2 /* SiriusChallenge */ = {
			isa = PBXNativeTarget;
			buildConfigurationList = 77C1067428588E5F00F355D2 /* Build configuration list for PBXNativeTarget "SiriusChallenge" */;
			buildPhases = (
				77C1064628588E4700F355D2 /* Sources */,
				77C1064728588E4700F355D2 /* Frameworks */,
				77C1064828588E4700F355D2 /* Resources */,
			);
			buildRules = (
			);
			dependencies = (
			);
			name = SiriusChallenge;
			productName = SiriusChallenge;
			productReference = 77C1064A28588E4700F355D2 /* SiriusChallenge.app */;
			productType = "com.apple.product-type.application";
		};
		77C1065F28588E5F00F355D2 /* SiriusChallengeTests */ = {
			isa = PBXNativeTarget;
			buildConfigurationList = 77C1067728588E5F00F355D2 /* Build configuration list for PBXNativeTarget "SiriusChallengeTests" */;
			buildPhases = (
				77C1065C28588E5F00F355D2 /* Sources */,
				77C1065D28588E5F00F355D2 /* Frameworks */,
				77C1065E28588E5F00F355D2 /* Resources */,
			);
			buildRules = (
			);
			dependencies = (
				77C1066228588E5F00F355D2 /* PBXTargetDependency */,
			);
			name = SiriusChallengeTests;
			productName = SiriusChallengeTests;
			productReference = 77C1066028588E5F00F355D2 /* SiriusChallengeTests.xctest */;
			productType = "com.apple.product-type.bundle.unit-test";
		};
		77C1066928588E5F00F355D2 /* SiriusChallengeUITests */ = {
			isa = PBXNativeTarget;
			buildConfigurationList = 77C1067A28588E5F00F355D2 /* Build configuration list for PBXNativeTarget "SiriusChallengeUITests" */;
			buildPhases = (
				77C1066628588E5F00F355D2 /* Sources */,
				77C1066728588E5F00F355D2 /* Frameworks */,
				77C1066828588E5F00F355D2 /* Resources */,
			);
			buildRules = (
			);
			dependencies = (
				77C1066C28588E5F00F355D2 /* PBXTargetDependency */,
			);
			name = SiriusChallengeUITests;
			productName = SiriusChallengeUITests;
			productReference = 77C1066A28588E5F00F355D2 /* SiriusChallengeUITests.xctest */;
			productType = "com.apple.product-type.bundle.ui-testing";
		};
/* End PBXNativeTarget section */

/* Begin PBXProject section */
		77C1064228588E4700F355D2 /* Project object */ = {
			isa = PBXProject;
			attributes = {
				BuildIndependentTargetsInParallel = 1;
				LastSwiftUpdateCheck = 1340;
				LastUpgradeCheck = 1340;
				TargetAttributes = {
					77C1064928588E4700F355D2 = {
						CreatedOnToolsVersion = 13.4.1;
					};
					77C1065F28588E5F00F355D2 = {
						CreatedOnToolsVersion = 13.4.1;
						TestTargetID = 77C1064928588E4700F355D2;
					};
					77C1066928588E5F00F355D2 = {
						CreatedOnToolsVersion = 13.4.1;
						TestTargetID = 77C1064928588E4700F355D2;
					};
				};
			};
			buildConfigurationList = 77C1064528588E4700F355D2 /* Build configuration list for PBXProject "SiriusChallenge" */;
			compatibilityVersion = "Xcode 13.0";
			developmentRegion = en;
			hasScannedForEncodings = 0;
			knownRegions = (
				en,
				Base,
			);
			mainGroup = 77C1064128588E4600F355D2;
			productRefGroup = 77C1064B28588E4700F355D2 /* Products */;
			projectDirPath = "";
			projectRoot = "";
			targets = (
				77C1064928588E4700F355D2 /* SiriusChallenge */,
				77C1065F28588E5F00F355D2 /* SiriusChallengeTests */,
				77C1066928588E5F00F355D2 /* SiriusChallengeUITests */,
			);
		};
/* End PBXProject section */

/* Begin PBXResourcesBuildPhase section */
		77C1064828588E4700F355D2 /* Resources */ = {
			isa = PBXResourcesBuildPhase;
			buildActionMask = 2147483647;
			files = (
				77C1065A28588E5E00F355D2 /* LaunchScreen.storyboard in Resources */,
				77C1065728588E5E00F355D2 /* Assets.xcassets in Resources */,
				77C1065528588E4700F355D2 /* Main.storyboard in Resources */,
			);
			runOnlyForDeploymentPostprocessing = 0;
		};
		77C1065E28588E5F00F355D2 /* Resources */ = {
			isa = PBXResourcesBuildPhase;
			buildActionMask = 2147483647;
			files = (
			);
			runOnlyForDeploymentPostprocessing = 0;
		};
		77C1066828588E5F00F355D2 /* Resources */ = {
			isa = PBXResourcesBuildPhase;
			buildActionMask = 2147483647;
			files = (
			);
			runOnlyForDeploymentPostprocessing = 0;
		};
/* End PBXResourcesBuildPhase section */

/* Begin PBXSourcesBuildPhase section */
		77C1064628588E4700F355D2 /* Sources */ = {
			isa = PBXSourcesBuildPhase;
			buildActionMask = 2147483647;
			files = (
				77C1068628588E8F00F355D2 /* CitiesModels.swift in Sources */,
				77C1068528588E8F00F355D2 /* CitiesRouter.swift in Sources */,
				77C1068428588E8F00F355D2 /* CitiesWorker.swift in Sources */,
				77C106902858978900F355D2 /* MapViewController.swift in Sources */,
				77C1068328588E8F00F355D2 /* CitiesPresenter.swift in Sources */,
				77C1068C285892A500F355D2 /* UIView+Anchors.swift in Sources */,
				77C1068728588E8F00F355D2 /* CitiesViewController.swift in Sources */,
				77C1064E28588E4700F355D2 /* AppDelegate.swift in Sources */,
				77C1065028588E4700F355D2 /* SceneDelegate.swift in Sources */,
				77C1068828588E8F00F355D2 /* CitiesInteractor.swift in Sources */,
			);
			runOnlyForDeploymentPostprocessing = 0;
		};
		77C1065C28588E5F00F355D2 /* Sources */ = {
			isa = PBXSourcesBuildPhase;
			buildActionMask = 2147483647;
			files = (
				77C1066528588E5F00F355D2 /* SiriusChallengeTests.swift in Sources */,
			);
			runOnlyForDeploymentPostprocessing = 0;
		};
		77C1066628588E5F00F355D2 /* Sources */ = {
			isa = PBXSourcesBuildPhase;
			buildActionMask = 2147483647;
			files = (
				77C1066F28588E5F00F355D2 /* SiriusChallengeUITests.swift in Sources */,
				77C1067128588E5F00F355D2 /* SiriusChallengeUITestsLaunchTests.swift in Sources */,
			);
			runOnlyForDeploymentPostprocessing = 0;
		};
/* End PBXSourcesBuildPhase section */

/* Begin PBXTargetDependency section */
		77C1066228588E5F00F355D2 /* PBXTargetDependency */ = {
			isa = PBXTargetDependency;
			target = 77C1064928588E4700F355D2 /* SiriusChallenge */;
			targetProxy = 77C1066128588E5F00F355D2 /* PBXContainerItemProxy */;
		};
		77C1066C28588E5F00F355D2 /* PBXTargetDependency */ = {
			isa = PBXTargetDependency;
			target = 77C1064928588E4700F355D2 /* SiriusChallenge */;
			targetProxy = 77C1066B28588E5F00F355D2 /* PBXContainerItemProxy */;
		};
/* End PBXTargetDependency section */

/* Begin PBXVariantGroup section */
		77C1065328588E4700F355D2 /* Main.storyboard */ = {
			isa = PBXVariantGroup;
			children = (
				77C1065428588E4700F355D2 /* Base */,
			);
			name = Main.storyboard;
			sourceTree = "<group>";
		};
		77C1065828588E5E00F355D2 /* LaunchScreen.storyboard */ = {
			isa = PBXVariantGroup;
			children = (
				77C1065928588E5E00F355D2 /* Base */,
			);
			name = LaunchScreen.storyboard;
			sourceTree = "<group>";
		};
/* End PBXVariantGroup section */

/* Begin XCBuildConfiguration section */
		77C1067228588E5F00F355D2 /* Debug */ = {
			isa = XCBuildConfiguration;
			buildSettings = {
				ALWAYS_SEARCH_USER_PATHS = NO;
				CLANG_ANALYZER_NONNULL = YES;
				CLANG_ANALYZER_NUMBER_OBJECT_CONVERSION = YES_AGGRESSIVE;
				CLANG_CXX_LANGUAGE_STANDARD = "gnu++17";
				CLANG_ENABLE_MODULES = YES;
				CLANG_ENABLE_OBJC_ARC = YES;
				CLANG_ENABLE_OBJC_WEAK = YES;
				CLANG_WARN_BLOCK_CAPTURE_AUTORELEASING = YES;
				CLANG_WARN_BOOL_CONVERSION = YES;
				CLANG_WARN_COMMA = YES;
				CLANG_WARN_CONSTANT_CONVERSION = YES;
				CLANG_WARN_DEPRECATED_OBJC_IMPLEMENTATIONS = YES;
				CLANG_WARN_DIRECT_OBJC_ISA_USAGE = YES_ERROR;
				CLANG_WARN_DOCUMENTATION_COMMENTS = YES;
				CLANG_WARN_EMPTY_BODY = YES;
				CLANG_WARN_ENUM_CONVERSION = YES;
				CLANG_WARN_INFINITE_RECURSION = YES;
				CLANG_WARN_INT_CONVERSION = YES;
				CLANG_WARN_NON_LITERAL_NULL_CONVERSION = YES;
				CLANG_WARN_OBJC_IMPLICIT_RETAIN_SELF = YES;
				CLANG_WARN_OBJC_LITERAL_CONVERSION = YES;
				CLANG_WARN_OBJC_ROOT_CLASS = YES_ERROR;
				CLANG_WARN_QUOTED_INCLUDE_IN_FRAMEWORK_HEADER = YES;
				CLANG_WARN_RANGE_LOOP_ANALYSIS = YES;
				CLANG_WARN_STRICT_PROTOTYPES = YES;
				CLANG_WARN_SUSPICIOUS_MOVE = YES;
				CLANG_WARN_UNGUARDED_AVAILABILITY = YES_AGGRESSIVE;
				CLANG_WARN_UNREACHABLE_CODE = YES;
				CLANG_WARN__DUPLICATE_METHOD_MATCH = YES;
				COPY_PHASE_STRIP = NO;
				DEBUG_INFORMATION_FORMAT = dwarf;
				ENABLE_STRICT_OBJC_MSGSEND = YES;
				ENABLE_TESTABILITY = YES;
				GCC_C_LANGUAGE_STANDARD = gnu11;
				GCC_DYNAMIC_NO_PIC = NO;
				GCC_NO_COMMON_BLOCKS = YES;
				GCC_OPTIMIZATION_LEVEL = 0;
				GCC_PREPROCESSOR_DEFINITIONS = (
					"DEBUG=1",
					"$(inherited)",
				);
				GCC_WARN_64_TO_32_BIT_CONVERSION = YES;
				GCC_WARN_ABOUT_RETURN_TYPE = YES_ERROR;
				GCC_WARN_UNDECLARED_SELECTOR = YES;
				GCC_WARN_UNINITIALIZED_AUTOS = YES_AGGRESSIVE;
				GCC_WARN_UNUSED_FUNCTION = YES;
				GCC_WARN_UNUSED_VARIABLE = YES;
				IPHONEOS_DEPLOYMENT_TARGET = 15.5;
				MTL_ENABLE_DEBUG_INFO = INCLUDE_SOURCE;
				MTL_FAST_MATH = YES;
				ONLY_ACTIVE_ARCH = YES;
				SDKROOT = iphoneos;
				SWIFT_ACTIVE_COMPILATION_CONDITIONS = DEBUG;
				SWIFT_OPTIMIZATION_LEVEL = "-Onone";
			};
			name = Debug;
		};
		77C1067328588E5F00F355D2 /* Release */ = {
			isa = XCBuildConfiguration;
			buildSettings = {
				ALWAYS_SEARCH_USER_PATHS = NO;
				CLANG_ANALYZER_NONNULL = YES;
				CLANG_ANALYZER_NUMBER_OBJECT_CONVERSION = YES_AGGRESSIVE;
				CLANG_CXX_LANGUAGE_STANDARD = "gnu++17";
				CLANG_ENABLE_MODULES = YES;
				CLANG_ENABLE_OBJC_ARC = YES;
				CLANG_ENABLE_OBJC_WEAK = YES;
				CLANG_WARN_BLOCK_CAPTURE_AUTORELEASING = YES;
				CLANG_WARN_BOOL_CONVERSION = YES;
				CLANG_WARN_COMMA = YES;
				CLANG_WARN_CONSTANT_CONVERSION = YES;
				CLANG_WARN_DEPRECATED_OBJC_IMPLEMENTATIONS = YES;
				CLANG_WARN_DIRECT_OBJC_ISA_USAGE = YES_ERROR;
				CLANG_WARN_DOCUMENTATION_COMMENTS = YES;
				CLANG_WARN_EMPTY_BODY = YES;
				CLANG_WARN_ENUM_CONVERSION = YES;
				CLANG_WARN_INFINITE_RECURSION = YES;
				CLANG_WARN_INT_CONVERSION = YES;
				CLANG_WARN_NON_LITERAL_NULL_CONVERSION = YES;
				CLANG_WARN_OBJC_IMPLICIT_RETAIN_SELF = YES;
				CLANG_WARN_OBJC_LITERAL_CONVERSION = YES;
				CLANG_WARN_OBJC_ROOT_CLASS = YES_ERROR;
				CLANG_WARN_QUOTED_INCLUDE_IN_FRAMEWORK_HEADER = YES;
				CLANG_WARN_RANGE_LOOP_ANALYSIS = YES;
				CLANG_WARN_STRICT_PROTOTYPES = YES;
				CLANG_WARN_SUSPICIOUS_MOVE = YES;
				CLANG_WARN_UNGUARDED_AVAILABILITY = YES_AGGRESSIVE;
				CLANG_WARN_UNREACHABLE_CODE = YES;
				CLANG_WARN__DUPLICATE_METHOD_MATCH = YES;
				COPY_PHASE_STRIP = NO;
				DEBUG_INFORMATION_FORMAT = "dwarf-with-dsym";
				ENABLE_NS_ASSERTIONS = NO;
				ENABLE_STRICT_OBJC_MSGSEND = YES;
				GCC_C_LANGUAGE_STANDARD = gnu11;
				GCC_NO_COMMON_BLOCKS = YES;
				GCC_WARN_64_TO_32_BIT_CONVERSION = YES;
				GCC_WARN_ABOUT_RETURN_TYPE = YES_ERROR;
				GCC_WARN_UNDECLARED_SELECTOR = YES;
				GCC_WARN_UNINITIALIZED_AUTOS = YES_AGGRESSIVE;
				GCC_WARN_UNUSED_FUNCTION = YES;
				GCC_WARN_UNUSED_VARIABLE = YES;
				IPHONEOS_DEPLOYMENT_TARGET = 15.5;
				MTL_ENABLE_DEBUG_INFO = NO;
				MTL_FAST_MATH = YES;
				SDKROOT = iphoneos;
				SWIFT_COMPILATION_MODE = wholemodule;
				SWIFT_OPTIMIZATION_LEVEL = "-O";
				VALIDATE_PRODUCT = YES;
			};
			name = Release;
		};
		77C1067528588E5F00F355D2 /* Debug */ = {
			isa = XCBuildConfiguration;
			buildSettings = {
				ASSETCATALOG_COMPILER_APPICON_NAME = AppIcon;
				ASSETCATALOG_COMPILER_GLOBAL_ACCENT_COLOR_NAME = AccentColor;
				CODE_SIGN_STYLE = Automatic;
				CURRENT_PROJECT_VERSION = 1;
				DEVELOPMENT_TEAM = FCQA3D4ES5;
				GENERATE_INFOPLIST_FILE = YES;
				INFOPLIST_FILE = SiriusChallenge/Info.plist;
				INFOPLIST_KEY_UIApplicationSupportsIndirectInputEvents = YES;
				INFOPLIST_KEY_UILaunchStoryboardName = LaunchScreen;
				INFOPLIST_KEY_UIMainStoryboardFile = Main;
				INFOPLIST_KEY_UISupportedInterfaceOrientations_iPad = "UIInterfaceOrientationPortrait UIInterfaceOrientationPortraitUpsideDown UIInterfaceOrientationLandscapeLeft UIInterfaceOrientationLandscapeRight";
				INFOPLIST_KEY_UISupportedInterfaceOrientations_iPhone = "UIInterfaceOrientationPortrait UIInterfaceOrientationLandscapeLeft UIInterfaceOrientationLandscapeRight";
				LD_RUNPATH_SEARCH_PATHS = (
					"$(inherited)",
					"@executable_path/Frameworks",
				);
				MARKETING_VERSION = 1.0;
				PRODUCT_BUNDLE_IDENTIFIER = com.chaceteera.SiriusChallenge;
				PRODUCT_NAME = "$(TARGET_NAME)";
				SWIFT_EMIT_LOC_STRINGS = YES;
				SWIFT_VERSION = 5.0;
				TARGETED_DEVICE_FAMILY = "1,2";
			};
			name = Debug;
		};
		77C1067628588E5F00F355D2 /* Release */ = {
			isa = XCBuildConfiguration;
			buildSettings = {
				ASSETCATALOG_COMPILER_APPICON_NAME = AppIcon;
				ASSETCATALOG_COMPILER_GLOBAL_ACCENT_COLOR_NAME = AccentColor;
				CODE_SIGN_STYLE = Automatic;
				CURRENT_PROJECT_VERSION = 1;
				DEVELOPMENT_TEAM = FCQA3D4ES5;
				GENERATE_INFOPLIST_FILE = YES;
				INFOPLIST_FILE = SiriusChallenge/Info.plist;
				INFOPLIST_KEY_UIApplicationSupportsIndirectInputEvents = YES;
				INFOPLIST_KEY_UILaunchStoryboardName = LaunchScreen;
				INFOPLIST_KEY_UIMainStoryboardFile = Main;
				INFOPLIST_KEY_UISupportedInterfaceOrientations_iPad = "UIInterfaceOrientationPortrait UIInterfaceOrientationPortraitUpsideDown UIInterfaceOrientationLandscapeLeft UIInterfaceOrientationLandscapeRight";
				INFOPLIST_KEY_UISupportedInterfaceOrientations_iPhone = "UIInterfaceOrientationPortrait UIInterfaceOrientationLandscapeLeft UIInterfaceOrientationLandscapeRight";
				LD_RUNPATH_SEARCH_PATHS = (
					"$(inherited)",
					"@executable_path/Frameworks",
				);
				MARKETING_VERSION = 1.0;
				PRODUCT_BUNDLE_IDENTIFIER = com.chaceteera.SiriusChallenge;
				PRODUCT_NAME = "$(TARGET_NAME)";
				SWIFT_EMIT_LOC_STRINGS = YES;
				SWIFT_VERSION = 5.0;
				TARGETED_DEVICE_FAMILY = "1,2";
			};
			name = Release;
		};
		77C1067828588E5F00F355D2 /* Debug */ = {
			isa = XCBuildConfiguration;
			buildSettings = {
				ALWAYS_EMBED_SWIFT_STANDARD_LIBRARIES = YES;
				BUNDLE_LOADER = "$(TEST_HOST)";
				CODE_SIGN_STYLE = Automatic;
				CURRENT_PROJECT_VERSION = 1;
				DEVELOPMENT_TEAM = FCQA3D4ES5;
				GENERATE_INFOPLIST_FILE = YES;
				IPHONEOS_DEPLOYMENT_TARGET = 15.5;
				MARKETING_VERSION = 1.0;
				PRODUCT_BUNDLE_IDENTIFIER = com.chaceteera.SiriusChallengeTests;
				PRODUCT_NAME = "$(TARGET_NAME)";
				SWIFT_EMIT_LOC_STRINGS = NO;
				SWIFT_VERSION = 5.0;
				TARGETED_DEVICE_FAMILY = "1,2";
				TEST_HOST = "$(BUILT_PRODUCTS_DIR)/SiriusChallenge.app/SiriusChallenge";
			};
			name = Debug;
		};
		77C1067928588E5F00F355D2 /* Release */ = {
			isa = XCBuildConfiguration;
			buildSettings = {
				ALWAYS_EMBED_SWIFT_STANDARD_LIBRARIES = YES;
				BUNDLE_LOADER = "$(TEST_HOST)";
				CODE_SIGN_STYLE = Automatic;
				CURRENT_PROJECT_VERSION = 1;
				DEVELOPMENT_TEAM = FCQA3D4ES5;
				GENERATE_INFOPLIST_FILE = YES;
				IPHONEOS_DEPLOYMENT_TARGET = 15.5;
				MARKETING_VERSION = 1.0;
				PRODUCT_BUNDLE_IDENTIFIER = com.chaceteera.SiriusChallengeTests;
				PRODUCT_NAME = "$(TARGET_NAME)";
				SWIFT_EMIT_LOC_STRINGS = NO;
				SWIFT_VERSION = 5.0;
				TARGETED_DEVICE_FAMILY = "1,2";
				TEST_HOST = "$(BUILT_PRODUCTS_DIR)/SiriusChallenge.app/SiriusChallenge";
			};
			name = Release;
		};
		77C1067B28588E5F00F355D2 /* Debug */ = {
			isa = XCBuildConfiguration;
			buildSettings = {
				ALWAYS_EMBED_SWIFT_STANDARD_LIBRARIES = YES;
				CODE_SIGN_STYLE = Automatic;
				CURRENT_PROJECT_VERSION = 1;
				DEVELOPMENT_TEAM = FCQA3D4ES5;
				GENERATE_INFOPLIST_FILE = YES;
				MARKETING_VERSION = 1.0;
				PRODUCT_BUNDLE_IDENTIFIER = com.chaceteera.SiriusChallengeUITests;
				PRODUCT_NAME = "$(TARGET_NAME)";
				SWIFT_EMIT_LOC_STRINGS = NO;
				SWIFT_VERSION = 5.0;
				TARGETED_DEVICE_FAMILY = "1,2";
				TEST_TARGET_NAME = SiriusChallenge;
			};
			name = Debug;
		};
		77C1067C28588E5F00F355D2 /* Release */ = {
			isa = XCBuildConfiguration;
			buildSettings = {
				ALWAYS_EMBED_SWIFT_STANDARD_LIBRARIES = YES;
				CODE_SIGN_STYLE = Automatic;
				CURRENT_PROJECT_VERSION = 1;
				DEVELOPMENT_TEAM = FCQA3D4ES5;
				GENERATE_INFOPLIST_FILE = YES;
				MARKETING_VERSION = 1.0;
				PRODUCT_BUNDLE_IDENTIFIER = com.chaceteera.SiriusChallengeUITests;
				PRODUCT_NAME = "$(TARGET_NAME)";
				SWIFT_EMIT_LOC_STRINGS = NO;
				SWIFT_VERSION = 5.0;
				TARGETED_DEVICE_FAMILY = "1,2";
				TEST_TARGET_NAME = SiriusChallenge;
			};
			name = Release;
		};
/* End XCBuildConfiguration section */

/* Begin XCConfigurationList section */
		77C1064528588E4700F355D2 /* Build configuration list for PBXProject "SiriusChallenge" */ = {
			isa = XCConfigurationList;
			buildConfigurations = (
				77C1067228588E5F00F355D2 /* Debug */,
				77C1067328588E5F00F355D2 /* Release */,
			);
			defaultConfigurationIsVisible = 0;
			defaultConfigurationName = Release;
		};
		77C1067428588E5F00F355D2 /* Build configuration list for PBXNativeTarget "SiriusChallenge" */ = {
			isa = XCConfigurationList;
			buildConfigurations = (
				77C1067528588E5F00F355D2 /* Debug */,
				77C1067628588E5F00F355D2 /* Release */,
			);
			defaultConfigurationIsVisible = 0;
			defaultConfigurationName = Release;
		};
		77C1067728588E5F00F355D2 /* Build configuration list for PBXNativeTarget "SiriusChallengeTests" */ = {
			isa = XCConfigurationList;
			buildConfigurations = (
				77C1067828588E5F00F355D2 /* Debug */,
				77C1067928588E5F00F355D2 /* Release */,
			);
			defaultConfigurationIsVisible = 0;
			defaultConfigurationName = Release;
		};
		77C1067A28588E5F00F355D2 /* Build configuration list for PBXNativeTarget "SiriusChallengeUITests" */ = {
			isa = XCConfigurationList;
			buildConfigurations = (
				77C1067B28588E5F00F355D2 /* Debug */,
				77C1067C28588E5F00F355D2 /* Release */,
			);
			defaultConfigurationIsVisible = 0;
			defaultConfigurationName = Release;
		};
/* End XCConfigurationList section */
	};
	rootObject = 77C1064228588E4700F355D2 /* Project object */;
}
